version = 1
requires-python = ">=3.12"

[[package]]
name = "build"
version = "1.2.2"
source = { registry = "https://pypi.org/simple" }
dependencies = [
    { name = "colorama", marker = "os_name == 'nt'" },
    { name = "packaging" },
    { name = "pyproject-hooks" },
]
sdist = { url = "https://files.pythonhosted.org/packages/dd/bb/4a1b7e3a7520e310cf7bfece43788071604e1ccf693a7f0c4638c59068d6/build-1.2.2.tar.gz", hash = "sha256:119b2fb462adef986483438377a13b2f42064a2a3a4161f24a0cca698a07ac8c", size = 46516 }
wheels = [
    { url = "https://files.pythonhosted.org/packages/91/fd/e4bda6228637ecae5732162b5ac2a5a822e2ba8e546eb4997cde51b231a3/build-1.2.2-py3-none-any.whl", hash = "sha256:277ccc71619d98afdd841a0e96ac9fe1593b823af481d3b0cea748e8894e0613", size = 22823 },
]

[[package]]
name = "colorama"
version = "0.4.6"
source = { registry = "https://pypi.org/simple" }
sdist = { url = "https://files.pythonhosted.org/packages/d8/53/6f443c9a4a8358a93a6792e2acffb9d9d5cb0a5cfd8802644b7b1c9a02e4/colorama-0.4.6.tar.gz", hash = "sha256:08695f5cb7ed6e0531a20572697297273c47b8cae5a63ffc6d6ed5c201be6e44", size = 27697 }
wheels = [
    { url = "https://files.pythonhosted.org/packages/d1/d6/3965ed04c63042e047cb6a3e6ed1a63a35087b6a609aa3a15ed8ac56c221/colorama-0.4.6-py2.py3-none-any.whl", hash = "sha256:4f1d9991f5acc0ca119f9d443620b77f9d6b33703e51011c16baf57afb285fc6", size = 25335 },
]

[[package]]
name = "coverage"
version = "7.6.1"
source = { registry = "https://pypi.org/simple" }
sdist = { url = "https://files.pythonhosted.org/packages/f7/08/7e37f82e4d1aead42a7443ff06a1e406aabf7302c4f00a546e4b320b994c/coverage-7.6.1.tar.gz", hash = "sha256:953510dfb7b12ab69d20135a0662397f077c59b1e6379a768e97c59d852ee51d", size = 798791 }
wheels = [
    { url = "https://files.pythonhosted.org/packages/7e/d4/300fc921dff243cd518c7db3a4c614b7e4b2431b0d1145c1e274fd99bd70/coverage-7.6.1-cp312-cp312-macosx_10_9_x86_64.whl", hash = "sha256:95cae0efeb032af8458fc27d191f85d1717b1d4e49f7cb226cf526ff28179778", size = 206983 },
    { url = "https://files.pythonhosted.org/packages/e1/ab/6bf00de5327ecb8db205f9ae596885417a31535eeda6e7b99463108782e1/coverage-7.6.1-cp312-cp312-macosx_11_0_arm64.whl", hash = "sha256:5621a9175cf9d0b0c84c2ef2b12e9f5f5071357c4d2ea6ca1cf01814f45d2391", size = 207221 },
    { url = "https://files.pythonhosted.org/packages/92/8f/2ead05e735022d1a7f3a0a683ac7f737de14850395a826192f0288703472/coverage-7.6.1-cp312-cp312-manylinux_2_17_aarch64.manylinux2014_aarch64.whl", hash = "sha256:260933720fdcd75340e7dbe9060655aff3af1f0c5d20f46b57f262ab6c86a5e8", size = 240342 },
    { url = "https://files.pythonhosted.org/packages/0f/ef/94043e478201ffa85b8ae2d2c79b4081e5a1b73438aafafccf3e9bafb6b5/coverage-7.6.1-cp312-cp312-manylinux_2_5_i686.manylinux1_i686.manylinux_2_17_i686.manylinux2014_i686.whl", hash = "sha256:07e2ca0ad381b91350c0ed49d52699b625aab2b44b65e1b4e02fa9df0e92ad2d", size = 237371 },
    { url = "https://files.pythonhosted.org/packages/1f/0f/c890339dd605f3ebc269543247bdd43b703cce6825b5ed42ff5f2d6122c7/coverage-7.6.1-cp312-cp312-manylinux_2_5_x86_64.manylinux1_x86_64.manylinux_2_17_x86_64.manylinux2014_x86_64.whl", hash = "sha256:c44fee9975f04b33331cb8eb272827111efc8930cfd582e0320613263ca849ca", size = 239455 },
    { url = "https://files.pythonhosted.org/packages/d1/04/7fd7b39ec7372a04efb0f70c70e35857a99b6a9188b5205efb4c77d6a57a/coverage-7.6.1-cp312-cp312-musllinux_1_2_aarch64.whl", hash = "sha256:877abb17e6339d96bf08e7a622d05095e72b71f8afd8a9fefc82cf30ed944163", size = 238924 },
    { url = "https://files.pythonhosted.org/packages/ed/bf/73ce346a9d32a09cf369f14d2a06651329c984e106f5992c89579d25b27e/coverage-7.6.1-cp312-cp312-musllinux_1_2_i686.whl", hash = "sha256:3e0cadcf6733c09154b461f1ca72d5416635e5e4ec4e536192180d34ec160f8a", size = 237252 },
    { url = "https://files.pythonhosted.org/packages/86/74/1dc7a20969725e917b1e07fe71a955eb34bc606b938316bcc799f228374b/coverage-7.6.1-cp312-cp312-musllinux_1_2_x86_64.whl", hash = "sha256:c3c02d12f837d9683e5ab2f3d9844dc57655b92c74e286c262e0fc54213c216d", size = 238897 },
    { url = "https://files.pythonhosted.org/packages/b6/e9/d9cc3deceb361c491b81005c668578b0dfa51eed02cd081620e9a62f24ec/coverage-7.6.1-cp312-cp312-win32.whl", hash = "sha256:e05882b70b87a18d937ca6768ff33cc3f72847cbc4de4491c8e73880766718e5", size = 209606 },
    { url = "https://files.pythonhosted.org/packages/47/c8/5a2e41922ea6740f77d555c4d47544acd7dc3f251fe14199c09c0f5958d3/coverage-7.6.1-cp312-cp312-win_amd64.whl", hash = "sha256:b5d7b556859dd85f3a541db6a4e0167b86e7273e1cdc973e5b175166bb634fdb", size = 210373 },
    { url = "https://files.pythonhosted.org/packages/8c/f9/9aa4dfb751cb01c949c990d136a0f92027fbcc5781c6e921df1cb1563f20/coverage-7.6.1-cp313-cp313-macosx_10_13_x86_64.whl", hash = "sha256:a4acd025ecc06185ba2b801f2de85546e0b8ac787cf9d3b06e7e2a69f925b106", size = 207007 },
    { url = "https://files.pythonhosted.org/packages/b9/67/e1413d5a8591622a46dd04ff80873b04c849268831ed5c304c16433e7e30/coverage-7.6.1-cp313-cp313-macosx_11_0_arm64.whl", hash = "sha256:a6d3adcf24b624a7b778533480e32434a39ad8fa30c315208f6d3e5542aeb6e9", size = 207269 },
    { url = "https://files.pythonhosted.org/packages/14/5b/9dec847b305e44a5634d0fb8498d135ab1d88330482b74065fcec0622224/coverage-7.6.1-cp313-cp313-manylinux_2_17_aarch64.manylinux2014_aarch64.whl", hash = "sha256:d0c212c49b6c10e6951362f7c6df3329f04c2b1c28499563d4035d964ab8e08c", size = 239886 },
    { url = "https://files.pythonhosted.org/packages/7b/b7/35760a67c168e29f454928f51f970342d23cf75a2bb0323e0f07334c85f3/coverage-7.6.1-cp313-cp313-manylinux_2_5_i686.manylinux1_i686.manylinux_2_17_i686.manylinux2014_i686.whl", hash = "sha256:6e81d7a3e58882450ec4186ca59a3f20a5d4440f25b1cff6f0902ad890e6748a", size = 237037 },
    { url = "https://files.pythonhosted.org/packages/f7/95/d2fd31f1d638df806cae59d7daea5abf2b15b5234016a5ebb502c2f3f7ee/coverage-7.6.1-cp313-cp313-manylinux_2_5_x86_64.manylinux1_x86_64.manylinux_2_17_x86_64.manylinux2014_x86_64.whl", hash = "sha256:78b260de9790fd81e69401c2dc8b17da47c8038176a79092a89cb2b7d945d060", size = 239038 },
    { url = "https://files.pythonhosted.org/packages/6e/bd/110689ff5752b67924efd5e2aedf5190cbbe245fc81b8dec1abaffba619d/coverage-7.6.1-cp313-cp313-musllinux_1_2_aarch64.whl", hash = "sha256:a78d169acd38300060b28d600344a803628c3fd585c912cacc9ea8790fe96862", size = 238690 },
    { url = "https://files.pythonhosted.org/packages/d3/a8/08d7b38e6ff8df52331c83130d0ab92d9c9a8b5462f9e99c9f051a4ae206/coverage-7.6.1-cp313-cp313-musllinux_1_2_i686.whl", hash = "sha256:2c09f4ce52cb99dd7505cd0fc8e0e37c77b87f46bc9c1eb03fe3bc9991085388", size = 236765 },
    { url = "https://files.pythonhosted.org/packages/d6/6a/9cf96839d3147d55ae713eb2d877f4d777e7dc5ba2bce227167d0118dfe8/coverage-7.6.1-cp313-cp313-musllinux_1_2_x86_64.whl", hash = "sha256:6878ef48d4227aace338d88c48738a4258213cd7b74fd9a3d4d7582bb1d8a155", size = 238611 },
    { url = "https://files.pythonhosted.org/packages/74/e4/7ff20d6a0b59eeaab40b3140a71e38cf52547ba21dbcf1d79c5a32bba61b/coverage-7.6.1-cp313-cp313-win32.whl", hash = "sha256:44df346d5215a8c0e360307d46ffaabe0f5d3502c8a1cefd700b34baf31d411a", size = 209671 },
    { url = "https://files.pythonhosted.org/packages/35/59/1812f08a85b57c9fdb6d0b383d779e47b6f643bc278ed682859512517e83/coverage-7.6.1-cp313-cp313-win_amd64.whl", hash = "sha256:8284cf8c0dd272a247bc154eb6c95548722dce90d098c17a883ed36e67cdb129", size = 210368 },
    { url = "https://files.pythonhosted.org/packages/9c/15/08913be1c59d7562a3e39fce20661a98c0a3f59d5754312899acc6cb8a2d/coverage-7.6.1-cp313-cp313t-macosx_10_13_x86_64.whl", hash = "sha256:d3296782ca4eab572a1a4eca686d8bfb00226300dcefdf43faa25b5242ab8a3e", size = 207758 },
    { url = "https://files.pythonhosted.org/packages/c4/ae/b5d58dff26cade02ada6ca612a76447acd69dccdbb3a478e9e088eb3d4b9/coverage-7.6.1-cp313-cp313t-macosx_11_0_arm64.whl", hash = "sha256:502753043567491d3ff6d08629270127e0c31d4184c4c8d98f92c26f65019962", size = 208035 },
    { url = "https://files.pythonhosted.org/packages/b8/d7/62095e355ec0613b08dfb19206ce3033a0eedb6f4a67af5ed267a8800642/coverage-7.6.1-cp313-cp313t-manylinux_2_17_aarch64.manylinux2014_aarch64.whl", hash = "sha256:6a89ecca80709d4076b95f89f308544ec8f7b4727e8a547913a35f16717856cb", size = 250839 },
    { url = "https://files.pythonhosted.org/packages/7c/1e/c2967cb7991b112ba3766df0d9c21de46b476d103e32bb401b1b2adf3380/coverage-7.6.1-cp313-cp313t-manylinux_2_5_i686.manylinux1_i686.manylinux_2_17_i686.manylinux2014_i686.whl", hash = "sha256:a318d68e92e80af8b00fa99609796fdbcdfef3629c77c6283566c6f02c6d6704", size = 246569 },
    { url = "https://files.pythonhosted.org/packages/8b/61/a7a6a55dd266007ed3b1df7a3386a0d760d014542d72f7c2c6938483b7bd/coverage-7.6.1-cp313-cp313t-manylinux_2_5_x86_64.manylinux1_x86_64.manylinux_2_17_x86_64.manylinux2014_x86_64.whl", hash = "sha256:13b0a73a0896988f053e4fbb7de6d93388e6dd292b0d87ee51d106f2c11b465b", size = 248927 },
    { url = "https://files.pythonhosted.org/packages/c8/fa/13a6f56d72b429f56ef612eb3bc5ce1b75b7ee12864b3bd12526ab794847/coverage-7.6.1-cp313-cp313t-musllinux_1_2_aarch64.whl", hash = "sha256:4421712dbfc5562150f7554f13dde997a2e932a6b5f352edcce948a815efee6f", size = 248401 },
    { url = "https://files.pythonhosted.org/packages/75/06/0429c652aa0fb761fc60e8c6b291338c9173c6aa0f4e40e1902345b42830/coverage-7.6.1-cp313-cp313t-musllinux_1_2_i686.whl", hash = "sha256:166811d20dfea725e2e4baa71fffd6c968a958577848d2131f39b60043400223", size = 246301 },
    { url = "https://files.pythonhosted.org/packages/52/76/1766bb8b803a88f93c3a2d07e30ffa359467810e5cbc68e375ebe6906efb/coverage-7.6.1-cp313-cp313t-musllinux_1_2_x86_64.whl", hash = "sha256:225667980479a17db1048cb2bf8bfb39b8e5be8f164b8f6628b64f78a72cf9d3", size = 247598 },
    { url = "https://files.pythonhosted.org/packages/66/8b/f54f8db2ae17188be9566e8166ac6df105c1c611e25da755738025708d54/coverage-7.6.1-cp313-cp313t-win32.whl", hash = "sha256:170d444ab405852903b7d04ea9ae9b98f98ab6d7e63e1115e82620807519797f", size = 210307 },
    { url = "https://files.pythonhosted.org/packages/9f/b0/e0dca6da9170aefc07515cce067b97178cefafb512d00a87a1c717d2efd5/coverage-7.6.1-cp313-cp313t-win_amd64.whl", hash = "sha256:b9f222de8cded79c49bf184bdbc06630d4c58eec9459b939b4a690c82ed05657", size = 211453 },
]

[[package]]
name = "iniconfig"
version = "2.0.0"
source = { registry = "https://pypi.org/simple" }
sdist = { url = "https://files.pythonhosted.org/packages/d7/4b/cbd8e699e64a6f16ca3a8220661b5f83792b3017d0f79807cb8708d33913/iniconfig-2.0.0.tar.gz", hash = "sha256:2d91e135bf72d31a410b17c16da610a82cb55f6b0477d1a902134b24a455b8b3", size = 4646 }
wheels = [
    { url = "https://files.pythonhosted.org/packages/ef/a6/62565a6e1cf69e10f5727360368e451d4b7f58beeac6173dc9db836a5b46/iniconfig-2.0.0-py3-none-any.whl", hash = "sha256:b6a85871a79d2e3b22d2d1b94ac2824226a63c6b741c88f7ae975f18b6778374", size = 5892 },
]

[[package]]
name = "nodeenv"
version = "1.9.1"
source = { registry = "https://pypi.org/simple" }
sdist = { url = "https://files.pythonhosted.org/packages/43/16/fc88b08840de0e0a72a2f9d8c6bae36be573e475a6326ae854bcc549fc45/nodeenv-1.9.1.tar.gz", hash = "sha256:6ec12890a2dab7946721edbfbcd91f3319c6ccc9aec47be7c7e6b7011ee6645f", size = 47437 }
wheels = [
    { url = "https://files.pythonhosted.org/packages/d2/1d/1b658dbd2b9fa9c4c9f32accbfc0205d532c8c6194dc0f2a4c0428e7128a/nodeenv-1.9.1-py2.py3-none-any.whl", hash = "sha256:ba11c9782d29c27c70ffbdda2d7415098754709be8a7056d79a737cd901155c9", size = 22314 },
]

[[package]]
name = "packaging"
version = "24.1"
source = { registry = "https://pypi.org/simple" }
sdist = { url = "https://files.pythonhosted.org/packages/51/65/50db4dda066951078f0a96cf12f4b9ada6e4b811516bf0262c0f4f7064d4/packaging-24.1.tar.gz", hash = "sha256:026ed72c8ed3fcce5bf8950572258698927fd1dbda10a5e981cdf0ac37f4f002", size = 148788 }
wheels = [
    { url = "https://files.pythonhosted.org/packages/08/aa/cc0199a5f0ad350994d660967a8efb233fe0416e4639146c089643407ce6/packaging-24.1-py3-none-any.whl", hash = "sha256:5b8f2217dbdbd2f7f384c41c628544e6d52f2d0f53c6d0c3ea61aa5d1d7ff124", size = 53985 },
]

[[package]]
name = "pluggy"
version = "1.5.0"
source = { registry = "https://pypi.org/simple" }
sdist = { url = "https://files.pythonhosted.org/packages/96/2d/02d4312c973c6050a18b314a5ad0b3210edb65a906f868e31c111dede4a6/pluggy-1.5.0.tar.gz", hash = "sha256:2cffa88e94fdc978c4c574f15f9e59b7f4201d439195c3715ca9e2486f1d0cf1", size = 67955 }
wheels = [
    { url = "https://files.pythonhosted.org/packages/88/5f/e351af9a41f866ac3f1fac4ca0613908d9a41741cfcf2228f4ad853b697d/pluggy-1.5.0-py3-none-any.whl", hash = "sha256:44e1ad92c8ca002de6377e165f3e0f1be63266ab4d554740532335b9d75ea669", size = 20556 },
]

[[package]]
name = "pyproject-hooks"
version = "1.1.0"
source = { registry = "https://pypi.org/simple" }
sdist = { url = "https://files.pythonhosted.org/packages/c7/07/6f63dda440d4abb191b91dc383b472dae3dd9f37e4c1e4a5c3db150531c6/pyproject_hooks-1.1.0.tar.gz", hash = "sha256:4b37730834edbd6bd37f26ece6b44802fb1c1ee2ece0e54ddff8bfc06db86965", size = 7838 }
wheels = [
    { url = "https://files.pythonhosted.org/packages/ae/f3/431b9d5fe7d14af7a32340792ef43b8a714e7726f1d7b69cc4e8e7a3f1d7/pyproject_hooks-1.1.0-py3-none-any.whl", hash = "sha256:7ceeefe9aec63a1064c18d939bdc3adf2d8aa1988a510afec15151578b232aa2", size = 9184 },
]

[[package]]
name = "pyright"
version = "1.1.381"
source = { registry = "https://pypi.org/simple" }
dependencies = [
    { name = "nodeenv" },
]
sdist = { url = "https://files.pythonhosted.org/packages/10/f4/8e2374423280cfb221a8eba3cb13d39276a05e592fea36bc06d5feb18c33/pyright-1.1.381.tar.gz", hash = "sha256:314cf0c1351c189524fb10c7ac20688ecd470e8cc505c394d642c9c80bf7c3a5", size = 17488 }
wheels = [
    { url = "https://files.pythonhosted.org/packages/2f/c0/fec7607edc2459816c49815cd5dac67b28c702ed497102118cdc2757cc8d/pyright-1.1.381-py3-none-any.whl", hash = "sha256:5dc0aa80a265675d36abab59c674ae01dbe476714f91845b61b841d34aa99081", size = 18221 },
]

[[package]]
name = "pytest"
version = "8.3.3"
source = { registry = "https://pypi.org/simple" }
dependencies = [
    { name = "colorama", marker = "sys_platform == 'win32'" },
    { name = "iniconfig" },
    { name = "packaging" },
    { name = "pluggy" },
]
sdist = { url = "https://files.pythonhosted.org/packages/8b/6c/62bbd536103af674e227c41a8f3dcd022d591f6eed5facb5a0f31ee33bbc/pytest-8.3.3.tar.gz", hash = "sha256:70b98107bd648308a7952b06e6ca9a50bc660be218d53c257cc1fc94fda10181", size = 1442487 }
wheels = [
    { url = "https://files.pythonhosted.org/packages/6b/77/7440a06a8ead44c7757a64362dd22df5760f9b12dc5f11b6188cd2fc27a0/pytest-8.3.3-py3-none-any.whl", hash = "sha256:a6853c7375b2663155079443d2e45de913a911a11d669df02a50814944db57b2", size = 342341 },
]

[[package]]
name = "pytest-cov"
version = "5.0.0"
source = { registry = "https://pypi.org/simple" }
dependencies = [
    { name = "coverage" },
    { name = "pytest" },
]
sdist = { url = "https://files.pythonhosted.org/packages/74/67/00efc8d11b630c56f15f4ad9c7f9223f1e5ec275aaae3fa9118c6a223ad2/pytest-cov-5.0.0.tar.gz", hash = "sha256:5837b58e9f6ebd335b0f8060eecce69b662415b16dc503883a02f45dfeb14857", size = 63042 }
wheels = [
    { url = "https://files.pythonhosted.org/packages/78/3a/af5b4fa5961d9a1e6237b530eb87dd04aea6eb83da09d2a4073d81b54ccf/pytest_cov-5.0.0-py3-none-any.whl", hash = "sha256:4f0764a1219df53214206bf1feea4633c3b558a2925c8b59f144f682861ce652", size = 21990 },
]

[[package]]
name = "pytest-snapshot"
version = "0.9.0"
source = { registry = "https://pypi.org/simple" }
dependencies = [
    { name = "pytest" },
]
sdist = { url = "https://files.pythonhosted.org/packages/9b/7b/ab8f1fc1e687218aa66acec1c3674d9c443f6a2dc8cb6a50f464548ffa34/pytest-snapshot-0.9.0.tar.gz", hash = "sha256:c7013c3abc3e860f9feff899f8b4debe3708650d8d8242a61bf2625ff64db7f3", size = 19877 }
wheels = [
    { url = "https://files.pythonhosted.org/packages/cb/29/518f32faf6edad9f56d6e0107217f7de6b79f297a47170414a2bd4be7f01/pytest_snapshot-0.9.0-py3-none-any.whl", hash = "sha256:4b9fe1c21c868fe53a545e4e3184d36bc1c88946e3f5c1d9dd676962a9b3d4ab", size = 10715 },
]

[[package]]
name = "python-jsx"
version = "0.1.0"
source = { editable = "." }

[package.optional-dependencies]
dev = [
    { name = "build" },
    { name = "pyright" },
    { name = "pytest" },
    { name = "pytest-cov" },
    { name = "pytest-snapshot" },
    { name = "ruff" },
    { name = "uv" },
]

[package.metadata]
requires-dist = [
    { name = "build", marker = "extra == 'dev'" },
    { name = "pyright", marker = "extra == 'dev'" },
    { name = "pytest", marker = "extra == 'dev'" },
    { name = "pytest-cov", marker = "extra == 'dev'" },
    { name = "pytest-snapshot", marker = "extra == 'dev'" },
    { name = "ruff", marker = "extra == 'dev'" },
    { name = "uv", marker = "extra == 'dev'" },
]

[[package]]
name = "ruff"
version = "0.6.6"
source = { registry = "https://pypi.org/simple" }
sdist = { url = "https://files.pythonhosted.org/packages/70/47/8220a40d1e60042d3a3a1cdf81cbafe674475cf8d60db2e28d0e4e004069/ruff-0.6.6.tar.gz", hash = "sha256:0fc030b6fd14814d69ac0196396f6761921bd20831725c7361e1b8100b818034", size = 3070828 }
wheels = [
    { url = "https://files.pythonhosted.org/packages/25/34/a34080926faed8ee41a4faf34e5993e367cd414cec543301113b0930f640/ruff-0.6.6-py3-none-linux_armv6l.whl", hash = "sha256:f5bc5398457484fc0374425b43b030e4668ed4d2da8ee7fdda0e926c9f11ccfb", size = 11353484 },
    { url = "https://files.pythonhosted.org/packages/22/ad/9c0b2fae42bfb54b91161b29b6b73bf73bfe7ddc03d5d3d0b4884a49df95/ruff-0.6.6-py3-none-macosx_10_12_x86_64.whl", hash = "sha256:515a698254c9c47bb84335281a170213b3ee5eb47feebe903e1be10087a167ce", size = 11011998 },
    { url = "https://files.pythonhosted.org/packages/93/69/e406b534cbe2f4b992de0f4a8f9a790e4b93a3f5ca56f151e2665db95625/ruff-0.6.6-py3-none-macosx_11_0_arm64.whl", hash = "sha256:6bb1b4995775f1837ab70f26698dd73852bbb82e8f70b175d2713c0354fe9182", size = 10524580 },
    { url = "https://files.pythonhosted.org/packages/26/5b/2e6fd424d78bd942dbf51f4a29512d5e698bfd9cad1245ad50ea679d5aa8/ruff-0.6.6-py3-none-manylinux_2_17_aarch64.manylinux2014_aarch64.whl", hash = "sha256:69c546f412dfae8bb9cc4f27f0e45cdd554e42fecbb34f03312b93368e1cd0a6", size = 11652644 },
    { url = "https://files.pythonhosted.org/packages/05/73/e6eab18071ac908135bcc9873c0bde240cffd8d5cfcfef8efa00eae186e4/ruff-0.6.6-py3-none-manylinux_2_17_armv7l.manylinux2014_armv7l.whl", hash = "sha256:59627e97364329e4eae7d86fa7980c10e2b129e2293d25c478ebcb861b3e3fd6", size = 11096545 },
    { url = "https://files.pythonhosted.org/packages/63/64/e8da4e45174067e584f4d1105a160e018d8148158da7275a52f6090bd4bc/ruff-0.6.6-py3-none-manylinux_2_17_i686.manylinux2014_i686.whl", hash = "sha256:94c3f78c3d32190aafbb6bc5410c96cfed0a88aadb49c3f852bbc2aa9783a7d8", size = 12005773 },
    { url = "https://files.pythonhosted.org/packages/2b/71/57fb76dc5a93cfa2c7d2a848d0c103e493c6553db3cbf30d642da522ee38/ruff-0.6.6-py3-none-manylinux_2_17_ppc64.manylinux2014_ppc64.whl", hash = "sha256:704da526c1e137f38c8a067a4a975fe6834b9f8ba7dbc5fd7503d58148851b8f", size = 12758296 },
    { url = "https://files.pythonhosted.org/packages/5a/85/583c969d1b6725aefeef2eb45e88e8ea55c30e017be8e158c322ee8bea56/ruff-0.6.6-py3-none-manylinux_2_17_ppc64le.manylinux2014_ppc64le.whl", hash = "sha256:efeede5815a24104579a0f6320660536c5ffc1c91ae94f8c65659af915fb9de9", size = 12295191 },
    { url = "https://files.pythonhosted.org/packages/a6/eb/7496d2de40818ea32c0ffb75aff405b9de7dda079bcdd45952eb17216e37/ruff-0.6.6-py3-none-manylinux_2_17_s390x.manylinux2014_s390x.whl", hash = "sha256:e368aef0cc02ca3593eae2fb8186b81c9c2b3f39acaaa1108eb6b4d04617e61f", size = 13402527 },
    { url = "https://files.pythonhosted.org/packages/71/27/873696e146821535c84ad2a8dc488fe78298cd0fd1a0d24a946991363b50/ruff-0.6.6-py3-none-manylinux_2_17_x86_64.manylinux2014_x86_64.whl", hash = "sha256:2653fc3b2a9315bd809725c88dd2446550099728d077a04191febb5ea79a4f79", size = 11872520 },
    { url = "https://files.pythonhosted.org/packages/fd/88/6da14ef37b88c42191246a217c58e1d5f0a83db9748e018e94ad05936466/ruff-0.6.6-py3-none-musllinux_1_2_aarch64.whl", hash = "sha256:bb858cd9ce2d062503337c5b9784d7b583bcf9d1a43c4df6ccb5eab774fbafcb", size = 11683880 },
    { url = "https://files.pythonhosted.org/packages/37/a3/8b9650748f72552e83f11f1d16786a24346128f4460d5b6945ed1f651901/ruff-0.6.6-py3-none-musllinux_1_2_armv7l.whl", hash = "sha256:488f8e15c01ea9afb8c0ba35d55bd951f484d0c1b7c5fd746ce3c47ccdedce68", size = 11186349 },
    { url = "https://files.pythonhosted.org/packages/ba/92/49523f745cf2330de1347110048cfd453de9486bef5498360595b6627074/ruff-0.6.6-py3-none-musllinux_1_2_i686.whl", hash = "sha256:aefb0bd15f1cfa4c9c227b6120573bb3d6c4ee3b29fb54a5ad58f03859bc43c6", size = 11555881 },
    { url = "https://files.pythonhosted.org/packages/99/cc/cd9ca48cb0b9b1b52710dd2f1e30c347f6cee5c455b53368665d274bfcd4/ruff-0.6.6-py3-none-musllinux_1_2_x86_64.whl", hash = "sha256:a4c0698cc780bcb2c61496cbd56b6a3ac0ad858c966652f7dbf4ceb029252fbe", size = 11956426 },
    { url = "https://files.pythonhosted.org/packages/9d/a2/35c45a784d86daf6dab1510cbb5e572bee33b5c035e6f8e78f510c393acf/ruff-0.6.6-py3-none-win32.whl", hash = "sha256:aadf81ddc8ab5b62da7aae78a91ec933cbae9f8f1663ec0325dae2c364e4ad84", size = 9263539 },
    { url = "https://files.pythonhosted.org/packages/4a/87/c2a6fa6d1ec73a0f8b0713d69a29f8cdc17b251cd0e0ca3a96a78246ddce/ruff-0.6.6-py3-none-win_amd64.whl", hash = "sha256:0adb801771bc1f1b8cf4e0a6fdc30776e7c1894810ff3b344e50da82ef50eeb1", size = 10114810 },
    { url = "https://files.pythonhosted.org/packages/aa/b3/bfe8725d1c38addc86a2b5674ba4e3fd8ab3edb320dcd3f815b227b78b84/ruff-0.6.6-py3-none-win_arm64.whl", hash = "sha256:4b4d32c137bc781c298964dd4e52f07d6f7d57c03eae97a72d97856844aa510a", size = 9485847 },
]

[[package]]
name = "uv"
version = "0.4.13"
source = { registry = "https://pypi.org/simple" }
sdist = { url = "https://files.pythonhosted.org/packages/c9/4d/8d84c896262ff2f0be12e443c2d590d85a4f6dd3483d0326c99e683cedb7/uv-0.4.13.tar.gz", hash = "sha256:4e7efaf65d2a67f91ff443fc42b2e8d901ad0091fe60278861ad17a2fb6f79ee", size = 1905909 }
wheels = [
    { url = "https://files.pythonhosted.org/packages/c1/c0/f6cafca424f0df8658ff1d134d790f2f19eebf29e1963400fa165ac56787/uv-0.4.13-py3-none-linux_armv6l.whl", hash = "sha256:53c9570788ee4403486e9529722f65aa881f43f091989b7c01b798040877a967", size = 11546612 },
    { url = "https://files.pythonhosted.org/packages/d7/85/26ab1b8438b1a22486688fcf96b8229312b99e7785b710225145a6845206/uv-0.4.13-py3-none-macosx_10_12_x86_64.whl", hash = "sha256:692a361dd124d4e5d10dedede5d4d6d65f9ef32d0ef99b9354eb227a31769b5d", size = 11923296 },
    { url = "https://files.pythonhosted.org/packages/0c/0e/133b4558038dae67078ed6b0249a9d5f620d3673d3ddca409903dfc2a23f/uv-0.4.13-py3-none-macosx_11_0_arm64.whl", hash = "sha256:2aadbbba1cde9efd4fc0a864a2097cdbecdb6a7fa60e3168c0ba20cb617a317d", size = 11062691 },
    { url = "https://files.pythonhosted.org/packages/6a/22/bf9d41635a53e6f1aac7599ce3fc37bbda3c6cd83f2175ed1c0cef761ed9/uv-0.4.13-py3-none-manylinux_2_17_aarch64.manylinux2014_aarch64.musllinux_1_1_aarch64.whl", hash = "sha256:06317f66c7a991775d2c761090e51c2ece6e1a448618643993394ef21a890192", size = 11376378 },
    { url = "https://files.pythonhosted.org/packages/22/a3/9a4685e98a8fad01bebefe57d78c2881832d97a9cc67d7f67f9ff871f590/uv-0.4.13-py3-none-manylinux_2_17_armv7l.manylinux2014_armv7l.whl", hash = "sha256:52b4be61f3f03a6093ff30371d8db9b26a1e3a85633576f505ebafd8c9aea7b8", size = 11325703 },
    { url = "https://files.pythonhosted.org/packages/a3/1f/67f4e2c81b007f674af67f2f93177014e7dd63d9f34eef2fdb732d904671/uv-0.4.13-py3-none-manylinux_2_17_i686.manylinux2014_i686.whl", hash = "sha256:25036e4b1492bf0ceaa4ffe3ddc39351da129078abe47479a6ffb3c5040f85cf", size = 11987516 },
    { url = "https://files.pythonhosted.org/packages/15/0e/4cef55e377d2bdbc3ab47aa9c66aa4f56cd47c32b6657064b16c3744dd10/uv-0.4.13-py3-none-manylinux_2_17_ppc64.manylinux2014_ppc64.whl", hash = "sha256:57e9963b2dd23def893e0321f979f6da84ed86cd0c9053fdb48c4592b89ec86d", size = 12795179 },
    { url = "https://files.pythonhosted.org/packages/83/7d/a9c694139c182abbe2279edb16bc689e7d0fadaaf9ff0d08c2edf7d9037e/uv-0.4.13-py3-none-manylinux_2_17_ppc64le.manylinux2014_ppc64le.whl", hash = "sha256:aa0c1668bd3bac445769c95524a429510b9fd635a1977be1155bc37948828c68", size = 12590000 },
    { url = "https://files.pythonhosted.org/packages/86/82/8acdbadd705e57c082e581a2395fe70bdd1e4b26aae3a51b96d791b7f26a/uv-0.4.13-py3-none-manylinux_2_17_s390x.manylinux2014_s390x.whl", hash = "sha256:23d92c1f902344c0b1d8b6f260eb9b6599a04272f08ad9bf11421a846083f444", size = 15982949 },
    { url = "https://files.pythonhosted.org/packages/cc/c3/aec8de9be9a02e100d61abd3a4cbbc88563edfe2316c4d5cec8476cf8940/uv-0.4.13-py3-none-manylinux_2_17_x86_64.manylinux2014_x86_64.whl", hash = "sha256:1d83f39d8cf9301dc30da6e597d51b0e9a92b28a302dd777299b586914453b02", size = 12305621 },
    { url = "https://files.pythonhosted.org/packages/d9/6a/9fae0198faf38ec5e0a8e29c782ec283f164c0fce4dba534efece58ce523/uv-0.4.13-py3-none-manylinux_2_28_aarch64.whl", hash = "sha256:813b8b7ffc6425e1b67359c091306aeca335f751b02b301c8ac63d37ccce92c0", size = 11494623 },
    { url = "https://files.pythonhosted.org/packages/31/43/54695544874ee13267e6ab7923fe8e7dd0e77c4d3ad445deafea26055353/uv-0.4.13-py3-none-musllinux_1_1_armv7l.whl", hash = "sha256:8e170c738bb56911916ceb1c46d2062c6f77d0e87355b1adc51669fa8dfb21c0", size = 11339815 },
    { url = "https://files.pythonhosted.org/packages/21/fd/3d9a4d7b1ef57430722dffdf0948c89d8146f7cfc6f22b58c229fccad524/uv-0.4.13-py3-none-musllinux_1_1_i686.whl", hash = "sha256:db8f85fff34177276fd8a7c595131179a00eb64eafe4f36edbbfd5ce6ab352f7", size = 11769749 },
    { url = "https://files.pythonhosted.org/packages/0a/fc/b429678a31773429cdfe307b9527db3a61ce8914e3154477ef687fc3ef71/uv-0.4.13-py3-none-musllinux_1_1_ppc64le.whl", hash = "sha256:c75d94d520bef8521bc6d232da91a014b7c5022bc89e0b415f2999aac0874997", size = 13579372 },
    { url = "https://files.pythonhosted.org/packages/c5/2a/8126297f46fc8c6e158d1cc128686fc3ee92be30ffa00ad0447f3dd66793/uv-0.4.13-py3-none-musllinux_1_1_x86_64.whl", hash = "sha256:ab3c811ed2e019c1cf86235cc698b301ce469df457407e3821d80abd1c090bec", size = 12437976 },
    { url = "https://files.pythonhosted.org/packages/0c/23/ad0679851e0cb75a47520379e868b4ff3dfcd38e662583b2a175910ee3f6/uv-0.4.13-py3-none-win32.whl", hash = "sha256:4a4e3d20696349a4abbe0297b524276d24b8503b9e5eef0e485cfeb705addc49", size = 11691490 },
    { url = "https://files.pythonhosted.org/packages/07/ed/1a93d04b5b450fd04532632022b948f5121f6eaf0f150c44ecce9fc2d9d2/uv-0.4.13-py3-none-win_amd64.whl", hash = "sha256:a6dfe55b7d26b396df30a22d73895e96070f4b952833ffbe4d286834be57148a", size = 12875543 },
]
